<?xml version="1.0" encoding="utf-8"?>
<Project ToolsVersion="4.0" xmlns="http://schemas.microsoft.com/developer/msbuild/2003">
  <ItemGroup>
    <Filter Include="core">
      <UniqueIdentifier>{a5ed0543-ca07-405d-81ff-e30b1b903854}</UniqueIdentifier>
    </Filter>
  </ItemGroup>
  <ItemGroup>
    <ClCompile Include="..\core\CCObejct.cpp">
      <Filter>core</Filter>
    </ClCompile>
    <ClCompile Include="..\core\CCNode.cpp">
      <Filter>core</Filter>
    </ClCompile>
    <ClCompile Include="..\core\CCAutoReleasePool.cpp">
      <Filter>core</Filter>
    </ClCompile>
  </ItemGroup>
  <ItemGroup>
    <ClInclude Include="..\core\CCObejct.h">
      <Filter>core</Filter>
    </ClInclude>
    <ClInclude Include="..\core\CCNode.h">
      <Filter>core</Filter>
    </ClInclude>
    <ClInclude Include="..\core\CCAutoReleasePool.h">
      <Filter>core</Filter>
    </ClInclude>
  </ItemGroup>
</Project>